
Microsoft Visual Studio Solution File, Format Version 12.00
# Visual Studio Version 17
VisualStudioVersion = 17.14.36511.14 d17.14
MinimumVisualStudioVersion = 10.0.40219.1
Project("{FAE04EC0-301F-11D3-BF4B-00C04F79EFBC}") = "KTLT03", "KTLT03\KTLT03.csproj", "{9BDEC0F5-E3C5-4C2A-9DF7-F4ED88FF28EE}"
EndProject
Global
	GlobalSection(SolutionConfigurationPlatforms) = preSolution
		Debug|Any CPU = Debug|Any CPU
		Release|Any CPU = Release|Any CPU
	EndGlobalSection
	GlobalSection(ProjectConfigurationPlatforms) = postSolution
		{9BDEC0F5-E3C5-4C2A-9DF7-F4ED88FF28EE}.Debug|Any CPU.ActiveCfg = Debug|Any CPU
		{9BDEC0F5-E3C5-4C2A-9DF7-F4ED88FF28EE}.Debug|Any CPU.Build.0 = Debug|Any CPU
		{9BDEC0F5-E3C5-4C2A-9DF7-F4ED88FF28EE}.Release|Any CPU.ActiveCfg = Release|Any CPU
		{9BDEC0F5-E3C5-4C2A-9DF7-F4ED88FF28EE}.Release|Any CPU.Build.0 = Release|Any CPU
	EndGlobalSection
	GlobalSection(SolutionProperties) = preSolution
		HideSolutionNode = FALSE
	EndGlobalSection
	GlobalSection(ExtensibilityGlobals) = postSolution
		SolutionGuid = {C4738C6A-154F-4EAC-BA14-90B52A3688C2}
	EndGlobalSection
EndGlobal
